
Microsoft Visual Studio Solution File, Format Version 12.00
# Visual Studio 15
VisualStudioVersion = 15.0.27428.2043
MinimumVisualStudioVersion = 10.0.40219.1
Project("{FAE04EC0-301F-11D3-BF4B-00C04F79EFBC}") = "Bank app", "Bank app\Bank app.csproj", "{96EC2AAE-7DAF-4BB5-86E2-C49304D47EE2}"
EndProject
Global
	GlobalSection(SolutionConfigurationPlatforms) = preSolution
		Debug|Any CPU = Debug|Any CPU
		Release|Any CPU = Release|Any CPU
	EndGlobalSection
	GlobalSection(ProjectConfigurationPlatforms) = postSolution
		{96EC2AAE-7DAF-4BB5-86E2-C49304D47EE2}.Debug|Any CPU.ActiveCfg = Debug|Any CPU
		{96EC2AAE-7DAF-4BB5-86E2-C49304D47EE2}.Debug|Any CPU.Build.0 = Debug|Any CPU
		{96EC2AAE-7DAF-4BB5-86E2-C49304D47EE2}.Release|Any CPU.ActiveCfg = Release|Any CPU
		{96EC2AAE-7DAF-4BB5-86E2-C49304D47EE2}.Release|Any CPU.Build.0 = Release|Any CPU
	EndGlobalSection
	GlobalSection(SolutionProperties) = preSolution
		HideSolutionNode = FALSE
	EndGlobalSection
	GlobalSection(ExtensibilityGlobals) = postSolution
		SolutionGuid = {5AB80277-6244-4948-8659-41DECBD0DED4}
	EndGlobalSection
EndGlobal
